<?xml version="1.0" encoding="utf-8"?>
<Project ToolsVersion="4.0" xmlns="http://schemas.microsoft.com/developer/msbuild/2003">
  <ItemGroup>
    <Filter Include="Resource Files">
      <UniqueIdentifier>{D9D6E242-F8AF-46E4-B9FD-80ECBC20BA3E}</UniqueIdentifier>
      <Extensions>qrc;*</Extensions>
      <ParseFiles>false</ParseFiles>
    </Filter>
    <Filter Include="Source Files">
      <UniqueIdentifier>{4FC737F1-C7A5-4376-A066-2A32D752A2FF}</UniqueIdentifier>
      <Extensions>cpp;c;cc;cxx;def;odl;idl;hpj;bat;asm;asmx</Extensions>
      <ParseFiles>true</ParseFiles>
    </Filter>
    <Filter Include="Header Files">
      <UniqueIdentifier>{93995380-89BD-4b04-88EB-625FBE52EBFB}</UniqueIdentifier>
      <Extensions>h;hh;hpp;hxx;hm;inl;inc;xsd</Extensions>
      <ParseFiles>true</ParseFiles>
    </Filter>
    <Filter Include="Generated Files">
      <UniqueIdentifier>{71ED8ED8-ACB9-4CE9-BBE1-E00B30144E11}</UniqueIdentifier>
      <Extensions>moc;h;cpp</Extensions>
      <ParseFiles>true</ParseFiles>
    </Filter>
    <Filter Include="Generated Files\Debug">
      <UniqueIdentifier>{63442556-87c9-426e-a106-9dc718634258}</UniqueIdentifier>
      <Extensions>cpp;moc</Extensions>
      <SourceControlFiles>False</SourceControlFiles>
    </Filter>
    <Filter Include="Generated Files\Release">
      <UniqueIdentifier>{54c441eb-b661-499c-b282-3ff56c051120}</UniqueIdentifier>
      <Extensions>cpp;moc</Extensions>
      <SourceControlFiles>False</SourceControlFiles>
    </Filter>
    <Filter Include="Form Files">
      <UniqueIdentifier>{99349809-55BA-4b9d-BF79-8FDBB0286EB3}</UniqueIdentifier>
      <Extensions>ui</Extensions>
      <ParseFiles>true</ParseFiles>
    </Filter>
    <Filter Include="dlfxf">
      <UniqueIdentifier>{7f4677a9-1fe3-4c6a-8467-0d76aa231351}</UniqueIdentifier>
    </Filter>
  </ItemGroup>
  <ItemGroup>
    <CustomBuild Include="Resource.qrc">
      <Filter>Resource Files</Filter>
    </CustomBuild>
    <CustomBuild Include="YesOrNo.ui">
      <Filter>Form Files</Filter>
    </CustomBuild>
    <CustomBuild Include="WarningMsg.ui">
      <Filter>Form Files</Filter>
    </CustomBuild>
    <CustomBuild Include="ToolsParam4.ui">
      <Filter>Form Files</Filter>
    </CustomBuild>
    <CustomBuild Include="ToolsParam2.ui">
      <Filter>Form Files</Filter>
    </CustomBuild>
    <CustomBuild Include="ToolSetting.ui">
      <Filter>Form Files</Filter>
    </CustomBuild>
    <CustomBuild Include="ToolsChoice.ui">
      <Filter>Form Files</Filter>
    </CustomBuild>
    <CustomBuild Include="StyleDlg.ui">
      <Filter>Form Files</Filter>
    </CustomBuild>
    <CustomBuild Include="SCustomButton.ui">
      <Filter>Form Files</Filter>
    </CustomBuild>
    <CustomBuild Include="Samcon.ui">
      <Filter>Form Files</Filter>
    </CustomBuild>
    <CustomBuild Include="ResetAxis.ui">
      <Filter>Form Files</Filter>
    </CustomBuild>
    <CustomBuild Include="QStartFromIndex.ui">
      <Filter>Form Files</Filter>
    </CustomBuild>
    <CustomBuild Include="PasswordDlg.ui">
      <Filter>Form Files</Filter>
    </CustomBuild>
    <CustomBuild Include="MyCustomRadioButton.ui">
      <Filter>Form Files</Filter>
    </CustomBuild>
    <CustomBuild Include="MultifileTask.ui">
      <Filter>Form Files</Filter>
    </CustomBuild>
    <CustomBuild Include="Locus.ui">
      <Filter>Form Files</Filter>
    </CustomBuild>
    <CustomBuild Include="IOSet.ui">
      <Filter>Form Files</Filter>
    </CustomBuild>
    <CustomBuild Include="GManager.ui">
      <Filter>Form Files</Filter>
    </CustomBuild>
    <CustomBuild Include="DocEdit.ui">
      <Filter>Form Files</Filter>
    </CustomBuild>
    <CustomBuild Include="DlgWorkpieceOffset.ui">
      <Filter>Form Files</Filter>
    </CustomBuild>
    <CustomBuild Include="DlgWarnMess.ui">
      <Filter>Form Files</Filter>
    </CustomBuild>
    <CustomBuild Include="DlgSetSpeedAuto.ui">
      <Filter>Form Files</Filter>
    </CustomBuild>
    <CustomBuild Include="DlgSetParameter.ui">
      <Filter>Form Files</Filter>
    </CustomBuild>
    <CustomBuild Include="DlgSetAxisSpeed.ui">
      <Filter>Form Files</Filter>
    </CustomBuild>
    <CustomBuild Include="DlgRegSoft.ui">
      <Filter>Form Files</Filter>
    </CustomBuild>
    <CustomBuild Include="DlgParamString.ui">
      <Filter>Form Files</Filter>
    </CustomBuild>
    <CustomBuild Include="DlgParamNum.ui">
      <Filter>Form Files</Filter>
    </CustomBuild>
    <CustomBuild Include="DlgMyProcessDlg.ui">
      <Filter>Form Files</Filter>
    </CustomBuild>
    <CustomBuild Include="DlgMachToInternalIncr.ui">
      <Filter>Form Files</Filter>
    </CustomBuild>
    <CustomBuild Include="DlgHelp.ui">
      <Filter>Form Files</Filter>
    </CustomBuild>
    <CustomBuild Include="DlgFindText.ui">
      <Filter>Form Files</Filter>
    </CustomBuild>
    <CustomBuild Include="DlgCustomDlg.ui">
      <Filter>Form Files</Filter>
    </CustomBuild>
    <CustomBuild Include="DFX_GCode.ui">
      <Filter>Form Files</Filter>
    </CustomBuild>
    <CustomBuild Include="CustomLineEdit.ui">
      <Filter>Form Files</Filter>
    </CustomBuild>
    <CustomBuild Include="ctrlHand.ui">
      <Filter>Form Files</Filter>
    </CustomBuild>
    <CustomBuild Include="AutoWork.ui">
      <Filter>Form Files</Filter>
    </CustomBuild>
    <CustomBuild Include="YesOrNo.h">
      <Filter>Header Files</Filter>
    </CustomBuild>
    <CustomBuild Include="ToolsParam4.h">
      <Filter>Header Files</Filter>
    </CustomBuild>
    <CustomBuild Include="ToolsParam2.h">
      <Filter>Header Files</Filter>
    </CustomBuild>
    <CustomBuild Include="ToolSetting.h">
      <Filter>Header Files</Filter>
    </CustomBuild>
    <CustomBuild Include="ToolsChoice.h">
      <Filter>Header Files</Filter>
    </CustomBuild>
    <CustomBuild Include="SystemMsg.h">
      <Filter>Header Files</Filter>
    </CustomBuild>
    <CustomBuild Include="StyleDlg.h">
      <Filter>Header Files</Filter>
    </CustomBuild>
    <CustomBuild Include="SCustomButton.h">
      <Filter>Header Files</Filter>
    </CustomBuild>
    <CustomBuild Include="Samcon.h">
      <Filter>Header Files</Filter>
    </CustomBuild>
    <CustomBuild Include="s_OpenFile.h">
      <Filter>Header Files</Filter>
    </CustomBuild>
    <CustomBuild Include="ResetAxis.h">
      <Filter>Header Files</Filter>
    </CustomBuild>
    <CustomBuild Include="ReadIni.h">
      <Filter>Header Files</Filter>
    </CustomBuild>
    <CustomBuild Include="QStartFromIndex.h">
      <Filter>Header Files</Filter>
    </CustomBuild>
    <CustomBuild Include="PasswordDlg.h">
      <Filter>Header Files</Filter>
    </CustomBuild>
    <CustomBuild Include="MyCustomRadioButton.h">
      <Filter>Header Files</Filter>
    </CustomBuild>
    <CustomBuild Include="MultifileTask.h">
      <Filter>Header Files</Filter>
    </CustomBuild>
    <CustomBuild Include="LogManager.h">
      <Filter>Header Files</Filter>
    </CustomBuild>
    <CustomBuild Include="Locus.h">
      <Filter>Header Files</Filter>
    </CustomBuild>
    <CustomBuild Include="IOSet.h">
      <Filter>Header Files</Filter>
    </CustomBuild>
    <CustomBuild Include="GManager.h">
      <Filter>Header Files</Filter>
    </CustomBuild>
    <CustomBuild Include="ExternalText.h">
      <Filter>Header Files</Filter>
    </CustomBuild>
    <CustomBuild Include="DocEdit.h">
      <Filter>Header Files</Filter>
    </CustomBuild>
    <CustomBuild Include="DlgWorkpieceOffset.h">
      <Filter>Header Files</Filter>
    </CustomBuild>
    <CustomBuild Include="DlgWarnMess.h">
      <Filter>Header Files</Filter>
    </CustomBuild>
    <CustomBuild Include="DlgSetSpeedAuto.h">
      <Filter>Header Files</Filter>
    </CustomBuild>
    <CustomBuild Include="DlgSetParameter.h">
      <Filter>Header Files</Filter>
    </CustomBuild>
    <CustomBuild Include="DlgSetAxisSpeed.h">
      <Filter>Header Files</Filter>
    </CustomBuild>
    <CustomBuild Include="DlgRegSoft.h">
      <Filter>Header Files</Filter>
    </CustomBuild>
    <CustomBuild Include="DlgParamString.h">
      <Filter>Header Files</Filter>
    </CustomBuild>
    <CustomBuild Include="DlgParamNum.h">
      <Filter>Header Files</Filter>
    </CustomBuild>
    <CustomBuild Include="DlgMyProcessDlg.h">
      <Filter>Header Files</Filter>
    </CustomBuild>
    <CustomBuild Include="DlgMachToInternalIncr.h">
      <Filter>Header Files</Filter>
    </CustomBuild>
    <CustomBuild Include="DlgHelp.h">
      <Filter>Header Files</Filter>
    </CustomBuild>
    <CustomBuild Include="DlgFindText.h">
      <Filter>Header Files</Filter>
    </CustomBuild>
    <CustomBuild Include="DlgCustomDlg.h">
      <Filter>Header Files</Filter>
    </CustomBuild>
    <CustomBuild Include="DFX_GCode.h">
      <Filter>Header Files</Filter>
    </CustomBuild>
    <CustomBuild Include="CustomLineEdit.h">
      <Filter>Header Files</Filter>
    </CustomBuild>
    <CustomBuild Include="CustomLabel.h">
      <Filter>Header Files</Filter>
    </CustomBuild>
    <CustomBuild Include="ctrlHand.h">
      <Filter>Header Files</Filter>
    </CustomBuild>
    <CustomBuild Include="CommonTools.h">
      <Filter>Header Files</Filter>
    </CustomBuild>
    <CustomBuild Include="AutoWork.h">
      <Filter>Header Files</Filter>
    </CustomBuild>
    <CustomBuild Include="AnalysisG.h">
      <Filter>Header Files</Filter>
    </CustomBuild>
    <CustomBuild Include="CustomLabel.ui">
      <Filter>Form Files</Filter>
    </CustomBuild>
    <CustomBuild Include="mccdll.h">
      <Filter>Header Files</Filter>
    </CustomBuild>
    <CustomBuild Include="MyOpenGLWidget.ui">
      <Filter>Form Files</Filter>
    </CustomBuild>
    <CustomBuild Include="MyOpenGLWidget.h">
      <Filter>Header Files</Filter>
    </CustomBuild>
    <CustomBuild Include="DXFOpenGLWidget.ui">
      <Filter>Form Files</Filter>
    </CustomBuild>
    <CustomBuild Include="DXFOpenGLWidget.h">
      <Filter>Header Files</Filter>
    </CustomBuild>
    <CustomBuild Include="DXFAdapter.h">
      <Filter>Header Files</Filter>
    </CustomBuild>
    <CustomBuild Include="QuicklySettings.h">
      <Filter>Header Files</Filter>
    </CustomBuild>
    <CustomBuild Include="QuicklySettings.ui">
      <Filter>Form Files</Filter>
    </CustomBuild>
    <CustomBuild Include="TrLang.h">
      <Filter>Header Files</Filter>
    </CustomBuild>
    <CustomBuild Include="MccTools.h">
      <Filter>Header Files</Filter>
    </CustomBuild>
  </ItemGroup>
  <ItemGroup>
    <ClCompile Include="GeneratedFiles\qrc_Resource.cpp">
      <Filter>Generated Files</Filter>
    </ClCompile>
    <ClCompile Include="YesOrNo.cpp">
      <Filter>Source Files</Filter>
    </ClCompile>
    <ClCompile Include="TrGCode.cpp">
      <Filter>Source Files</Filter>
    </ClCompile>
    <ClCompile Include="ToolsParam4.cpp">
      <Filter>Source Files</Filter>
    </ClCompile>
    <ClCompile Include="ToolsParam2.cpp">
      <Filter>Source Files</Filter>
    </ClCompile>
    <ClCompile Include="ToolSetting.cpp">
      <Filter>Source Files</Filter>
    </ClCompile>
    <ClCompile Include="ToolsChoice.cpp">
      <Filter>Source Files</Filter>
    </ClCompile>
    <ClCompile Include="SystemMsg.cpp">
      <Filter>Source Files</Filter>
    </ClCompile>
    <ClCompile Include="StyleDlg.cpp">
      <Filter>Source Files</Filter>
    </ClCompile>
    <ClCompile Include="SCustomButton.cpp">
      <Filter>Source Files</Filter>
    </ClCompile>
    <ClCompile Include="Samcon.cpp">
      <Filter>Source Files</Filter>
    </ClCompile>
    <ClCompile Include="s_OpenFile.cpp">
      <Filter>Source Files</Filter>
    </ClCompile>
    <ClCompile Include="ResetAxis.cpp">
      <Filter>Source Files</Filter>
    </ClCompile>
    <ClCompile Include="ReadSTLFile.cpp">
      <Filter>Source Files</Filter>
    </ClCompile>
    <ClCompile Include="ReadIni.cpp">
      <Filter>Source Files</Filter>
    </ClCompile>
    <ClCompile Include="QStartFromIndex.cpp">
      <Filter>Source Files</Filter>
    </ClCompile>
    <ClCompile Include="Point3f.cpp">
      <Filter>Source Files</Filter>
    </ClCompile>
    <ClCompile Include="phbx.cpp">
      <Filter>Source Files</Filter>
    </ClCompile>
    <ClCompile Include="PasswordDlg.cpp">
      <Filter>Source Files</Filter>
    </ClCompile>
    <ClCompile Include="ncpod.cpp">
      <Filter>Source Files</Filter>
    </ClCompile>
    <ClCompile Include="MyCustomRadioButton.cpp">
      <Filter>Source Files</Filter>
    </ClCompile>
    <ClCompile Include="MultifileTask.cpp">
      <Filter>Source Files</Filter>
    </ClCompile>
    <ClCompile Include="mccdll.cpp">
      <Filter>Source Files</Filter>
    </ClCompile>
    <ClCompile Include="main.cpp">
      <Filter>Source Files</Filter>
    </ClCompile>
    <ClCompile Include="LogManager.cpp">
      <Filter>Source Files</Filter>
    </ClCompile>
    <ClCompile Include="Locus.cpp">
      <Filter>Source Files</Filter>
    </ClCompile>
    <ClCompile Include="IOSet.cpp">
      <Filter>Source Files</Filter>
    </ClCompile>
    <ClCompile Include="GManager.cpp">
      <Filter>Source Files</Filter>
    </ClCompile>
    <ClCompile Include="ExternalText.cpp">
      <Filter>Source Files</Filter>
    </ClCompile>
    <ClCompile Include="DXFAdapter.cpp">
      <Filter>Source Files</Filter>
    </ClCompile>
    <ClCompile Include="DocEdit.cpp">
      <Filter>Source Files</Filter>
    </ClCompile>
    <ClCompile Include="DlgWorkpieceOffset.cpp">
      <Filter>Source Files</Filter>
    </ClCompile>
    <ClCompile Include="DlgWarnMess.cpp">
      <Filter>Source Files</Filter>
    </ClCompile>
    <ClCompile Include="DlgSetSpeedAuto.cpp">
      <Filter>Source Files</Filter>
    </ClCompile>
    <ClCompile Include="DlgSetParameter.cpp">
      <Filter>Source Files</Filter>
    </ClCompile>
    <ClCompile Include="DlgSetAxisSpeed.cpp">
      <Filter>Source Files</Filter>
    </ClCompile>
    <ClCompile Include="DlgRegSoft.cpp">
      <Filter>Source Files</Filter>
    </ClCompile>
    <ClCompile Include="DlgParamString.cpp">
      <Filter>Source Files</Filter>
    </ClCompile>
    <ClCompile Include="DlgParamNum.cpp">
      <Filter>Source Files</Filter>
    </ClCompile>
    <ClCompile Include="DlgMyProcessDlg.cpp">
      <Filter>Source Files</Filter>
    </ClCompile>
    <ClCompile Include="DlgMachToInternalIncr.cpp">
      <Filter>Source Files</Filter>
    </ClCompile>
    <ClCompile Include="DlgHelp.cpp">
      <Filter>Source Files</Filter>
    </ClCompile>
    <ClCompile Include="DlgFindText.cpp">
      <Filter>Source Files</Filter>
    </ClCompile>
    <ClCompile Include="DlgCustomDlg.cpp">
      <Filter>Source Files</Filter>
    </ClCompile>
    <ClCompile Include="DFX_GCode.cpp">
      <Filter>Source Files</Filter>
    </ClCompile>
    <ClCompile Include="CustomLineEdit.cpp">
      <Filter>Source Files</Filter>
    </ClCompile>
    <ClCompile Include="CustomLabel.cpp">
      <Filter>Source Files</Filter>
    </ClCompile>
    <ClCompile Include="ctrlHand.cpp">
      <Filter>Source Files</Filter>
    </ClCompile>
    <ClCompile Include="CommonTools.cpp">
      <Filter>Source Files</Filter>
    </ClCompile>
    <ClCompile Include="AutoWork.cpp">
      <Filter>Source Files</Filter>
    </ClCompile>
    <ClCompile Include="AnalysisG.cpp">
      <Filter>Source Files</Filter>
    </ClCompile>
    <ClCompile Include="GeneratedFiles\Debug\moc_YesOrNo.cpp">
      <Filter>Generated Files\Debug</Filter>
    </ClCompile>
    <ClCompile Include="GeneratedFiles\Release\moc_YesOrNo.cpp">
      <Filter>Generated Files\Release</Filter>
    </ClCompile>
    <ClCompile Include="GeneratedFiles\Debug\moc_ToolsParam4.cpp">
      <Filter>Generated Files\Debug</Filter>
    </ClCompile>
    <ClCompile Include="GeneratedFiles\Release\moc_ToolsParam4.cpp">
      <Filter>Generated Files\Release</Filter>
    </ClCompile>
    <ClCompile Include="GeneratedFiles\Debug\moc_ToolsParam2.cpp">
      <Filter>Generated Files\Debug</Filter>
    </ClCompile>
    <ClCompile Include="GeneratedFiles\Release\moc_ToolsParam2.cpp">
      <Filter>Generated Files\Release</Filter>
    </ClCompile>
    <ClCompile Include="GeneratedFiles\Debug\moc_ToolSetting.cpp">
      <Filter>Generated Files\Debug</Filter>
    </ClCompile>
    <ClCompile Include="GeneratedFiles\Release\moc_ToolSetting.cpp">
      <Filter>Generated Files\Release</Filter>
    </ClCompile>
    <ClCompile Include="GeneratedFiles\Debug\moc_ToolsChoice.cpp">
      <Filter>Generated Files\Debug</Filter>
    </ClCompile>
    <ClCompile Include="GeneratedFiles\Release\moc_ToolsChoice.cpp">
      <Filter>Generated Files\Release</Filter>
    </ClCompile>
    <ClCompile Include="GeneratedFiles\Debug\moc_SystemMsg.cpp">
      <Filter>Generated Files\Debug</Filter>
    </ClCompile>
    <ClCompile Include="GeneratedFiles\Release\moc_SystemMsg.cpp">
      <Filter>Generated Files\Release</Filter>
    </ClCompile>
    <ClCompile Include="GeneratedFiles\Debug\moc_StyleDlg.cpp">
      <Filter>Generated Files\Debug</Filter>
    </ClCompile>
    <ClCompile Include="GeneratedFiles\Release\moc_StyleDlg.cpp">
      <Filter>Generated Files\Release</Filter>
    </ClCompile>
    <ClCompile Include="GeneratedFiles\Debug\moc_SCustomButton.cpp">
      <Filter>Generated Files\Debug</Filter>
    </ClCompile>
    <ClCompile Include="GeneratedFiles\Release\moc_SCustomButton.cpp">
      <Filter>Generated Files\Release</Filter>
    </ClCompile>
    <ClCompile Include="GeneratedFiles\Debug\moc_Samcon.cpp">
      <Filter>Generated Files\Debug</Filter>
    </ClCompile>
    <ClCompile Include="GeneratedFiles\Release\moc_Samcon.cpp">
      <Filter>Generated Files\Release</Filter>
    </ClCompile>
    <ClCompile Include="GeneratedFiles\Debug\moc_s_OpenFile.cpp">
      <Filter>Generated Files\Debug</Filter>
    </ClCompile>
    <ClCompile Include="GeneratedFiles\Release\moc_s_OpenFile.cpp">
      <Filter>Generated Files\Release</Filter>
    </ClCompile>
    <ClCompile Include="GeneratedFiles\Debug\moc_ResetAxis.cpp">
      <Filter>Generated Files\Debug</Filter>
    </ClCompile>
    <ClCompile Include="GeneratedFiles\Release\moc_ResetAxis.cpp">
      <Filter>Generated Files\Release</Filter>
    </ClCompile>
    <ClCompile Include="GeneratedFiles\Debug\moc_ReadIni.cpp">
      <Filter>Generated Files\Debug</Filter>
    </ClCompile>
    <ClCompile Include="GeneratedFiles\Release\moc_ReadIni.cpp">
      <Filter>Generated Files\Release</Filter>
    </ClCompile>
    <ClCompile Include="GeneratedFiles\Debug\moc_QStartFromIndex.cpp">
      <Filter>Generated Files\Debug</Filter>
    </ClCompile>
    <ClCompile Include="GeneratedFiles\Release\moc_QStartFromIndex.cpp">
      <Filter>Generated Files\Release</Filter>
    </ClCompile>
    <ClCompile Include="GeneratedFiles\Debug\moc_PasswordDlg.cpp">
      <Filter>Generated Files\Debug</Filter>
    </ClCompile>
    <ClCompile Include="GeneratedFiles\Release\moc_PasswordDlg.cpp">
      <Filter>Generated Files\Release</Filter>
    </ClCompile>
    <ClCompile Include="GeneratedFiles\Debug\moc_MyCustomRadioButton.cpp">
      <Filter>Generated Files\Debug</Filter>
    </ClCompile>
    <ClCompile Include="GeneratedFiles\Release\moc_MyCustomRadioButton.cpp">
      <Filter>Generated Files\Release</Filter>
    </ClCompile>
    <ClCompile Include="GeneratedFiles\Debug\moc_MultifileTask.cpp">
      <Filter>Generated Files\Debug</Filter>
    </ClCompile>
    <ClCompile Include="GeneratedFiles\Release\moc_MultifileTask.cpp">
      <Filter>Generated Files\Release</Filter>
    </ClCompile>
    <ClCompile Include="GeneratedFiles\Debug\moc_LogManager.cpp">
      <Filter>Generated Files\Debug</Filter>
    </ClCompile>
    <ClCompile Include="GeneratedFiles\Release\moc_LogManager.cpp">
      <Filter>Generated Files\Release</Filter>
    </ClCompile>
    <ClCompile Include="GeneratedFiles\Debug\moc_Locus.cpp">
      <Filter>Generated Files\Debug</Filter>
    </ClCompile>
    <ClCompile Include="GeneratedFiles\Release\moc_Locus.cpp">
      <Filter>Generated Files\Release</Filter>
    </ClCompile>
    <ClCompile Include="GeneratedFiles\Debug\moc_IOSet.cpp">
      <Filter>Generated Files\Debug</Filter>
    </ClCompile>
    <ClCompile Include="GeneratedFiles\Release\moc_IOSet.cpp">
      <Filter>Generated Files\Release</Filter>
    </ClCompile>
    <ClCompile Include="GeneratedFiles\Debug\moc_GManager.cpp">
      <Filter>Generated Files\Debug</Filter>
    </ClCompile>
    <ClCompile Include="GeneratedFiles\Release\moc_GManager.cpp">
      <Filter>Generated Files\Release</Filter>
    </ClCompile>
    <ClCompile Include="GeneratedFiles\Debug\moc_DocEdit.cpp">
      <Filter>Generated Files\Debug</Filter>
    </ClCompile>
    <ClCompile Include="GeneratedFiles\Release\moc_DocEdit.cpp">
      <Filter>Generated Files\Release</Filter>
    </ClCompile>
    <ClCompile Include="GeneratedFiles\Debug\moc_DlgWorkpieceOffset.cpp">
      <Filter>Generated Files\Debug</Filter>
    </ClCompile>
    <ClCompile Include="GeneratedFiles\Release\moc_DlgWorkpieceOffset.cpp">
      <Filter>Generated Files\Release</Filter>
    </ClCompile>
    <ClCompile Include="GeneratedFiles\Debug\moc_DlgWarnMess.cpp">
      <Filter>Generated Files\Debug</Filter>
    </ClCompile>
    <ClCompile Include="GeneratedFiles\Release\moc_DlgWarnMess.cpp">
      <Filter>Generated Files\Release</Filter>
    </ClCompile>
    <ClCompile Include="GeneratedFiles\Debug\moc_DlgSetSpeedAuto.cpp">
      <Filter>Generated Files\Debug</Filter>
    </ClCompile>
    <ClCompile Include="GeneratedFiles\Release\moc_DlgSetSpeedAuto.cpp">
      <Filter>Generated Files\Release</Filter>
    </ClCompile>
    <ClCompile Include="GeneratedFiles\Debug\moc_DlgSetParameter.cpp">
      <Filter>Generated Files\Debug</Filter>
    </ClCompile>
    <ClCompile Include="GeneratedFiles\Release\moc_DlgSetParameter.cpp">
      <Filter>Generated Files\Release</Filter>
    </ClCompile>
    <ClCompile Include="GeneratedFiles\Debug\moc_DlgSetAxisSpeed.cpp">
      <Filter>Generated Files\Debug</Filter>
    </ClCompile>
    <ClCompile Include="GeneratedFiles\Release\moc_DlgSetAxisSpeed.cpp">
      <Filter>Generated Files\Release</Filter>
    </ClCompile>
    <ClCompile Include="GeneratedFiles\Debug\moc_DlgRegSoft.cpp">
      <Filter>Generated Files\Debug</Filter>
    </ClCompile>
    <ClCompile Include="GeneratedFiles\Release\moc_DlgRegSoft.cpp">
      <Filter>Generated Files\Release</Filter>
    </ClCompile>
    <ClCompile Include="GeneratedFiles\Debug\moc_DlgParamString.cpp">
      <Filter>Generated Files\Debug</Filter>
    </ClCompile>
    <ClCompile Include="GeneratedFiles\Release\moc_DlgParamString.cpp">
      <Filter>Generated Files\Release</Filter>
    </ClCompile>
    <ClCompile Include="GeneratedFiles\Debug\moc_DlgParamNum.cpp">
      <Filter>Generated Files\Debug</Filter>
    </ClCompile>
    <ClCompile Include="GeneratedFiles\Release\moc_DlgParamNum.cpp">
      <Filter>Generated Files\Release</Filter>
    </ClCompile>
    <ClCompile Include="GeneratedFiles\Debug\moc_DlgMyProcessDlg.cpp">
      <Filter>Generated Files\Debug</Filter>
    </ClCompile>
    <ClCompile Include="GeneratedFiles\Release\moc_DlgMyProcessDlg.cpp">
      <Filter>Generated Files\Release</Filter>
    </ClCompile>
    <ClCompile Include="GeneratedFiles\Debug\moc_DlgMachToInternalIncr.cpp">
      <Filter>Generated Files\Debug</Filter>
    </ClCompile>
    <ClCompile Include="GeneratedFiles\Release\moc_DlgMachToInternalIncr.cpp">
      <Filter>Generated Files\Release</Filter>
    </ClCompile>
    <ClCompile Include="GeneratedFiles\Debug\moc_DlgHelp.cpp">
      <Filter>Generated Files\Debug</Filter>
    </ClCompile>
    <ClCompile Include="GeneratedFiles\Release\moc_DlgHelp.cpp">
      <Filter>Generated Files\Release</Filter>
    </ClCompile>
    <ClCompile Include="GeneratedFiles\Debug\moc_DlgFindText.cpp">
      <Filter>Generated Files\Debug</Filter>
    </ClCompile>
    <ClCompile Include="GeneratedFiles\Release\moc_DlgFindText.cpp">
      <Filter>Generated Files\Release</Filter>
    </ClCompile>
    <ClCompile Include="GeneratedFiles\Debug\moc_DlgCustomDlg.cpp">
      <Filter>Generated Files\Debug</Filter>
    </ClCompile>
    <ClCompile Include="GeneratedFiles\Release\moc_DlgCustomDlg.cpp">
      <Filter>Generated Files\Release</Filter>
    </ClCompile>
    <ClCompile Include="GeneratedFiles\Debug\moc_DFX_GCode.cpp">
      <Filter>Generated Files\Debug</Filter>
    </ClCompile>
    <ClCompile Include="GeneratedFiles\Release\moc_DFX_GCode.cpp">
      <Filter>Generated Files\Release</Filter>
    </ClCompile>
    <ClCompile Include="GeneratedFiles\Debug\moc_CustomLineEdit.cpp">
      <Filter>Generated Files\Debug</Filter>
    </ClCompile>
    <ClCompile Include="GeneratedFiles\Release\moc_CustomLineEdit.cpp">
      <Filter>Generated Files\Release</Filter>
    </ClCompile>
    <ClCompile Include="GeneratedFiles\Debug\moc_CustomLabel.cpp">
      <Filter>Generated Files\Debug</Filter>
    </ClCompile>
    <ClCompile Include="GeneratedFiles\Release\moc_CustomLabel.cpp">
      <Filter>Generated Files\Release</Filter>
    </ClCompile>
    <ClCompile Include="GeneratedFiles\Debug\moc_ctrlHand.cpp">
      <Filter>Generated Files\Debug</Filter>
    </ClCompile>
    <ClCompile Include="GeneratedFiles\Release\moc_ctrlHand.cpp">
      <Filter>Generated Files\Release</Filter>
    </ClCompile>
    <ClCompile Include="GeneratedFiles\Debug\moc_CommonTools.cpp">
      <Filter>Generated Files\Debug</Filter>
    </ClCompile>
    <ClCompile Include="GeneratedFiles\Release\moc_CommonTools.cpp">
      <Filter>Generated Files\Release</Filter>
    </ClCompile>
    <ClCompile Include="GeneratedFiles\Debug\moc_AutoWork.cpp">
      <Filter>Generated Files\Debug</Filter>
    </ClCompile>
    <ClCompile Include="GeneratedFiles\Release\moc_AutoWork.cpp">
      <Filter>Generated Files\Release</Filter>
    </ClCompile>
    <ClCompile Include="GeneratedFiles\Debug\moc_AnalysisG.cpp">
      <Filter>Generated Files\Debug</Filter>
    </ClCompile>
    <ClCompile Include="GeneratedFiles\Release\moc_AnalysisG.cpp">
      <Filter>Generated Files\Release</Filter>
    </ClCompile>
    <ClCompile Include="dl_dxf.cpp">
      <Filter>dlfxf</Filter>
    </ClCompile>
    <ClCompile Include="dl_writer_ascii.cpp">
      <Filter>dlfxf</Filter>
    </ClCompile>
    <ClCompile Include="MyOpenGLWidget.cpp">
      <Filter>Source Files</Filter>
    </ClCompile>
    <ClCompile Include="GeneratedFiles\Debug\moc_MyOpenGLWidget.cpp">
      <Filter>Generated Files\Debug</Filter>
    </ClCompile>
    <ClCompile Include="GeneratedFiles\Release\moc_MyOpenGLWidget.cpp">
      <Filter>Generated Files\Release</Filter>
    </ClCompile>
    <ClCompile Include="DXFOpenGLWidget.cpp">
      <Filter>Source Files</Filter>
    </ClCompile>
    <ClCompile Include="GeneratedFiles\Debug\moc_DXFOpenGLWidget.cpp">
      <Filter>Generated Files\Debug</Filter>
    </ClCompile>
    <ClCompile Include="GeneratedFiles\Release\moc_DXFOpenGLWidget.cpp">
      <Filter>Generated Files\Release</Filter>
    </ClCompile>
    <ClCompile Include="GeneratedFiles\Debug\moc_DXFAdapter.cpp">
      <Filter>Generated Files\Debug</Filter>
    </ClCompile>
    <ClCompile Include="GeneratedFiles\Release\moc_DXFAdapter.cpp">
      <Filter>Generated Files\Release</Filter>
    </ClCompile>
    <ClCompile Include="GeneratedFiles\Debug\moc_QuicklySettings.cpp">
      <Filter>Generated Files\Debug</Filter>
    </ClCompile>
    <ClCompile Include="GeneratedFiles\Release\moc_QuicklySettings.cpp">
      <Filter>Generated Files\Release</Filter>
    </ClCompile>
    <ClCompile Include="QuicklySettings.cpp">
      <Filter>Source Files</Filter>
    </ClCompile>
    <ClCompile Include="TrLang.cpp">
      <Filter>Source Files</Filter>
    </ClCompile>
    <ClCompile Include="GeneratedFiles\Debug\moc_TrLang.cpp">
      <Filter>Generated Files\Debug</Filter>
    </ClCompile>
    <ClCompile Include="GeneratedFiles\Release\moc_TrLang.cpp">
      <Filter>Generated Files\Release</Filter>
    </ClCompile>
    <ClCompile Include="GeneratedFiles\Debug\moc_MccTools.cpp">
      <Filter>Generated Files\Debug</Filter>
    </ClCompile>
    <ClCompile Include="GeneratedFiles\Release\moc_MccTools.cpp">
      <Filter>Generated Files\Release</Filter>
    </ClCompile>
    <ClCompile Include="MccTools.cpp">
      <Filter>Source Files</Filter>
    </ClCompile>
  </ItemGroup>
  <ItemGroup>
    <ClInclude Include="GeneratedFiles\ui_YesOrNo.h">
      <Filter>Generated Files</Filter>
    </ClInclude>
    <ClInclude Include="GeneratedFiles\ui_WarningMsg.h">
      <Filter>Generated Files</Filter>
    </ClInclude>
    <ClInclude Include="GeneratedFiles\ui_ToolsParam4.h">
      <Filter>Generated Files</Filter>
    </ClInclude>
    <ClInclude Include="GeneratedFiles\ui_ToolsParam2.h">
      <Filter>Generated Files</Filter>
    </ClInclude>
    <ClInclude Include="GeneratedFiles\ui_ToolSetting.h">
      <Filter>Generated Files</Filter>
    </ClInclude>
    <ClInclude Include="GeneratedFiles\ui_ToolsChoice.h">
      <Filter>Generated Files</Filter>
    </ClInclude>
    <ClInclude Include="GeneratedFiles\ui_StyleDlg.h">
      <Filter>Generated Files</Filter>
    </ClInclude>
    <ClInclude Include="GeneratedFiles\ui_SCustomButton.h">
      <Filter>Generated Files</Filter>
    </ClInclude>
    <ClInclude Include="GeneratedFiles\ui_Samcon.h">
      <Filter>Generated Files</Filter>
    </ClInclude>
    <ClInclude Include="GeneratedFiles\ui_ResetAxis.h">
      <Filter>Generated Files</Filter>
    </ClInclude>
    <ClInclude Include="GeneratedFiles\ui_QStartFromIndex.h">
      <Filter>Generated Files</Filter>
    </ClInclude>
    <ClInclude Include="GeneratedFiles\ui_PasswordDlg.h">
      <Filter>Generated Files</Filter>
    </ClInclude>
    <ClInclude Include="GeneratedFiles\ui_MyCustomRadioButton.h">
      <Filter>Generated Files</Filter>
    </ClInclude>
    <ClInclude Include="GeneratedFiles\ui_MultifileTask.h">
      <Filter>Generated Files</Filter>
    </ClInclude>
    <ClInclude Include="GeneratedFiles\ui_Locus.h">
      <Filter>Generated Files</Filter>
    </ClInclude>
    <ClInclude Include="GeneratedFiles\ui_IOSet.h">
      <Filter>Generated Files</Filter>
    </ClInclude>
    <ClInclude Include="GeneratedFiles\ui_GManager.h">
      <Filter>Generated Files</Filter>
    </ClInclude>
    <ClInclude Include="GeneratedFiles\ui_DocEdit.h">
      <Filter>Generated Files</Filter>
    </ClInclude>
    <ClInclude Include="GeneratedFiles\ui_DlgWorkpieceOffset.h">
      <Filter>Generated Files</Filter>
    </ClInclude>
    <ClInclude Include="GeneratedFiles\ui_DlgWarnMess.h">
      <Filter>Generated Files</Filter>
    </ClInclude>
    <ClInclude Include="GeneratedFiles\ui_DlgSetSpeedAuto.h">
      <Filter>Generated Files</Filter>
    </ClInclude>
    <ClInclude Include="GeneratedFiles\ui_DlgSetParameter.h">
      <Filter>Generated Files</Filter>
    </ClInclude>
    <ClInclude Include="GeneratedFiles\ui_DlgSetAxisSpeed.h">
      <Filter>Generated Files</Filter>
    </ClInclude>
    <ClInclude Include="GeneratedFiles\ui_DlgRegSoft.h">
      <Filter>Generated Files</Filter>
    </ClInclude>
    <ClInclude Include="GeneratedFiles\ui_DlgParamString.h">
      <Filter>Generated Files</Filter>
    </ClInclude>
    <ClInclude Include="GeneratedFiles\ui_DlgParamNum.h">
      <Filter>Generated Files</Filter>
    </ClInclude>
    <ClInclude Include="GeneratedFiles\ui_DlgMyProcessDlg.h">
      <Filter>Generated Files</Filter>
    </ClInclude>
    <ClInclude Include="GeneratedFiles\ui_DlgMachToInternalIncr.h">
      <Filter>Generated Files</Filter>
    </ClInclude>
    <ClInclude Include="GeneratedFiles\ui_DlgHelp.h">
      <Filter>Generated Files</Filter>
    </ClInclude>
    <ClInclude Include="GeneratedFiles\ui_DlgFindText.h">
      <Filter>Generated Files</Filter>
    </ClInclude>
    <ClInclude Include="GeneratedFiles\ui_DlgCustomDlg.h">
      <Filter>Generated Files</Filter>
    </ClInclude>
    <ClInclude Include="GeneratedFiles\ui_DFX_GCode.h">
      <Filter>Generated Files</Filter>
    </ClInclude>
    <ClInclude Include="GeneratedFiles\ui_CustomLineEdit.h">
      <Filter>Generated Files</Filter>
    </ClInclude>
    <ClInclude Include="GeneratedFiles\ui_ctrlHand.h">
      <Filter>Generated Files</Filter>
    </ClInclude>
    <ClInclude Include="GeneratedFiles\ui_AutoWork.h">
      <Filter>Generated Files</Filter>
    </ClInclude>
    <ClInclude Include="TrGCode.h">
      <Filter>Header Files</Filter>
    </ClInclude>
    <ClInclude Include="resource.h">
      <Filter>Header Files</Filter>
    </ClInclude>
    <ClInclude Include="ReadSTLFile.h">
      <Filter>Header Files</Filter>
    </ClInclude>
    <ClInclude Include="Point3f.h">
      <Filter>Header Files</Filter>
    </ClInclude>
    <ClInclude Include="phbx.h">
      <Filter>Header Files</Filter>
    </ClInclude>
    <ClInclude Include="ncpod.h">
      <Filter>Header Files</Filter>
    </ClInclude>
    <ClInclude Include="DataDefine.h">
      <Filter>Header Files</Filter>
    </ClInclude>
    <ClInclude Include="GeneratedFiles\ui_CustomLabel.h">
      <Filter>Generated Files</Filter>
    </ClInclude>
    <ClInclude Include="dl_attributes.h">
      <Filter>dlfxf</Filter>
    </ClInclude>
    <ClInclude Include="dl_codes.h">
      <Filter>dlfxf</Filter>
    </ClInclude>
    <ClInclude Include="dl_creationadapter.h">
      <Filter>dlfxf</Filter>
    </ClInclude>
    <ClInclude Include="dl_creationinterface.h">
      <Filter>dlfxf</Filter>
    </ClInclude>
    <ClInclude Include="dl_dxf.h">
      <Filter>dlfxf</Filter>
    </ClInclude>
    <ClInclude Include="dl_entities.h">
      <Filter>dlfxf</Filter>
    </ClInclude>
    <ClInclude Include="dl_exception.h">
      <Filter>dlfxf</Filter>
    </ClInclude>
    <ClInclude Include="dl_extrusion.h">
      <Filter>dlfxf</Filter>
    </ClInclude>
    <ClInclude Include="dl_global.h">
      <Filter>dlfxf</Filter>
    </ClInclude>
    <ClInclude Include="dl_writer.h">
      <Filter>dlfxf</Filter>
    </ClInclude>
    <ClInclude Include="dl_writer_ascii.h">
      <Filter>dlfxf</Filter>
    </ClInclude>
    <ClInclude Include="GeneratedFiles\ui_MyOpenGLWidget.h">
      <Filter>Generated Files</Filter>
    </ClInclude>
    <ClInclude Include="GeneratedFiles\ui_DXFOpenGLWidget.h">
      <Filter>Generated Files</Filter>
    </ClInclude>
    <ClInclude Include="GeneratedFiles\ui_QuicklySettings.h">
      <Filter>Generated Files</Filter>
    </ClInclude>
  </ItemGroup>
</Project>